
Microsoft Visual Studio Solution File, Format Version 12.00
# Visual Studio Version 16
VisualStudioVersion = 16.0.30717.126
MinimumVisualStudioVersion = 10.0.40219.1
Project("{FAE04EC0-301F-11D3-BF4B-00C04F79EFBC}") = "WpfApp1", "WpfApp1.csproj", "{AC010750-DEC2-4134-8321-B3E45697141D}"
EndProject
Global
	GlobalSection(SolutionConfigurationPlatforms) = preSolution
		Debug|Any CPU = Debug|Any CPU
		Release|Any CPU = Release|Any CPU
	EndGlobalSection
	GlobalSection(ProjectConfigurationPlatforms) = postSolution
		{AC010750-DEC2-4134-8321-B3E45697141D}.Debug|Any CPU.ActiveCfg = Debug|Any CPU
		{AC010750-DEC2-4134-8321-B3E45697141D}.Debug|Any CPU.Build.0 = Debug|Any CPU
		{AC010750-DEC2-4134-8321-B3E45697141D}.Release|Any CPU.ActiveCfg = Release|Any CPU
		{AC010750-DEC2-4134-8321-B3E45697141D}.Release|Any CPU.Build.0 = Release|Any CPU
	EndGlobalSection
	GlobalSection(SolutionProperties) = preSolution
		HideSolutionNode = FALSE
	EndGlobalSection
	GlobalSection(ExtensibilityGlobals) = postSolution
		SolutionGuid = {64E8A2E4-A2DE-4815-98F5-B5A82AEE53E1}
	EndGlobalSection
EndGlobal
